
Microsoft Visual Studio Solution File, Format Version 12.00
# Visual Studio Version 17
VisualStudioVersion = 17.5.002.0
MinimumVisualStudioVersion = 10.0.40219.1
Project("{9A19103F-16F7-4668-BE54-9A1E7A4F7556}") = "BudgetingApp.DAL", "BudgetingApp.DAL.csproj", "{68C2C5A8-2FAB-49AE-9666-94747E98EF2D}"
EndProject
Global
	GlobalSection(SolutionConfigurationPlatforms) = preSolution
		Debug|Any CPU = Debug|Any CPU
		Release|Any CPU = Release|Any CPU
	EndGlobalSection
	GlobalSection(ProjectConfigurationPlatforms) = postSolution
		{68C2C5A8-2FAB-49AE-9666-94747E98EF2D}.Debug|Any CPU.ActiveCfg = Debug|Any CPU
		{68C2C5A8-2FAB-49AE-9666-94747E98EF2D}.Debug|Any CPU.Build.0 = Debug|Any CPU
		{68C2C5A8-2FAB-49AE-9666-94747E98EF2D}.Release|Any CPU.ActiveCfg = Release|Any CPU
		{68C2C5A8-2FAB-49AE-9666-94747E98EF2D}.Release|Any CPU.Build.0 = Release|Any CPU
	EndGlobalSection
	GlobalSection(SolutionProperties) = preSolution
		HideSolutionNode = FALSE
	EndGlobalSection
	GlobalSection(ExtensibilityGlobals) = postSolution
		SolutionGuid = {70B99BEB-5DD5-494E-89D4-7094172B7D71}
	EndGlobalSection
EndGlobal
