
Microsoft Visual Studio Solution File, Format Version 12.00
# Visual Studio Version 17
VisualStudioVersion = 17.9.34607.119
MinimumVisualStudioVersion = 10.0.40219.1
Project("{F184B08F-C81C-45F6-A57F-5ABD9991F28F}") = "BudgetingAppWebFormV1", "BudgetingAppWebFormV1\BudgetingAppWebFormV1.vbproj", "{CD8E53D2-B177-494B-AE08-1CEEF98E43D7}"
EndProject
Project("{9A19103F-16F7-4668-BE54-9A1E7A4F7556}") = "BudgetingApp.BO", "BudgetingApp.BO\BudgetingApp.BO.csproj", "{F9511E97-32F0-4D59-B561-59F3E58B5FEC}"
EndProject
Project("{9A19103F-16F7-4668-BE54-9A1E7A4F7556}") = "BudgetingApp.DAL", "BudgetingApp.DAL\BudgetingApp.DAL.csproj", "{873524F9-D149-4144-BD2A-B0345CC68F59}"
EndProject
Project("{9A19103F-16F7-4668-BE54-9A1E7A4F7556}") = "BudgetingApp.BLL", "BudgetingApp.BLL\BudgetingApp.BLL.csproj", "{B0D19698-9BDD-46CC-BF6E-CB4E6A981653}"
EndProject
Project("{9A19103F-16F7-4668-BE54-9A1E7A4F7556}") = "BudgetingApp.MVC", "BudgetingApp.MVC\BudgetingApp.MVC.csproj", "{DE77A3E5-F686-4141-B6C7-62D566D24ED6}"
EndProject
Project("{9A19103F-16F7-4668-BE54-9A1E7A4F7556}") = "BudgetingAPIService", "BudgetingAPIService\BudgetingAPIService.csproj", "{FF2316D9-1A22-450F-AFA3-3B6922AEB5A1}"
EndProject
Project("{9A19103F-16F7-4668-BE54-9A1E7A4F7556}") = "BudgetingAPIService.BLL", "BudgetingAPIService.BLL\BudgetingAPIService.BLL.csproj", "{29A09E42-74A4-4A89-895C-C9DBE830AD7C}"
EndProject
Project("{9A19103F-16F7-4668-BE54-9A1E7A4F7556}") = "BudgetingAPIService.Data", "BudgetingAPIService.Data\BudgetingAPIService.Data.csproj", "{D4F49D54-FE5F-4964-9E68-99AFCCF6FB6D}"
EndProject
Project("{9A19103F-16F7-4668-BE54-9A1E7A4F7556}") = "BudgetingAPIService.Domain", "BudgetingAPIService.Domain\BudgetingAPIService.Domain.csproj", "{6C1C80E7-1E58-439B-830B-8E862261FF65}"
EndProject
Project("{FAE04EC0-301F-11D3-BF4B-00C04F79EFBC}") = "BudgetingApp.APIMVC", "BudgetingApp.APIMVC\BudgetingApp.APIMVC.csproj", "{843D548A-059A-4754-82AC-CFF2556F0A1D}"
EndProject
Global
	GlobalSection(SolutionConfigurationPlatforms) = preSolution
		Debug|Any CPU = Debug|Any CPU
		Release|Any CPU = Release|Any CPU
	EndGlobalSection
	GlobalSection(ProjectConfigurationPlatforms) = postSolution
		{CD8E53D2-B177-494B-AE08-1CEEF98E43D7}.Debug|Any CPU.ActiveCfg = Debug|Any CPU
		{CD8E53D2-B177-494B-AE08-1CEEF98E43D7}.Debug|Any CPU.Build.0 = Debug|Any CPU
		{CD8E53D2-B177-494B-AE08-1CEEF98E43D7}.Release|Any CPU.ActiveCfg = Release|Any CPU
		{CD8E53D2-B177-494B-AE08-1CEEF98E43D7}.Release|Any CPU.Build.0 = Release|Any CPU
		{F9511E97-32F0-4D59-B561-59F3E58B5FEC}.Debug|Any CPU.ActiveCfg = Debug|Any CPU
		{F9511E97-32F0-4D59-B561-59F3E58B5FEC}.Debug|Any CPU.Build.0 = Debug|Any CPU
		{F9511E97-32F0-4D59-B561-59F3E58B5FEC}.Release|Any CPU.ActiveCfg = Release|Any CPU
		{F9511E97-32F0-4D59-B561-59F3E58B5FEC}.Release|Any CPU.Build.0 = Release|Any CPU
		{873524F9-D149-4144-BD2A-B0345CC68F59}.Debug|Any CPU.ActiveCfg = Debug|Any CPU
		{873524F9-D149-4144-BD2A-B0345CC68F59}.Debug|Any CPU.Build.0 = Debug|Any CPU
		{873524F9-D149-4144-BD2A-B0345CC68F59}.Release|Any CPU.ActiveCfg = Release|Any CPU
		{873524F9-D149-4144-BD2A-B0345CC68F59}.Release|Any CPU.Build.0 = Release|Any CPU
		{B0D19698-9BDD-46CC-BF6E-CB4E6A981653}.Debug|Any CPU.ActiveCfg = Debug|Any CPU
		{B0D19698-9BDD-46CC-BF6E-CB4E6A981653}.Debug|Any CPU.Build.0 = Debug|Any CPU
		{B0D19698-9BDD-46CC-BF6E-CB4E6A981653}.Release|Any CPU.ActiveCfg = Release|Any CPU
		{B0D19698-9BDD-46CC-BF6E-CB4E6A981653}.Release|Any CPU.Build.0 = Release|Any CPU
		{DE77A3E5-F686-4141-B6C7-62D566D24ED6}.Debug|Any CPU.ActiveCfg = Debug|Any CPU
		{DE77A3E5-F686-4141-B6C7-62D566D24ED6}.Debug|Any CPU.Build.0 = Debug|Any CPU
		{DE77A3E5-F686-4141-B6C7-62D566D24ED6}.Release|Any CPU.ActiveCfg = Release|Any CPU
		{DE77A3E5-F686-4141-B6C7-62D566D24ED6}.Release|Any CPU.Build.0 = Release|Any CPU
		{FF2316D9-1A22-450F-AFA3-3B6922AEB5A1}.Debug|Any CPU.ActiveCfg = Debug|Any CPU
		{FF2316D9-1A22-450F-AFA3-3B6922AEB5A1}.Debug|Any CPU.Build.0 = Debug|Any CPU
		{FF2316D9-1A22-450F-AFA3-3B6922AEB5A1}.Release|Any CPU.ActiveCfg = Release|Any CPU
		{FF2316D9-1A22-450F-AFA3-3B6922AEB5A1}.Release|Any CPU.Build.0 = Release|Any CPU
		{29A09E42-74A4-4A89-895C-C9DBE830AD7C}.Debug|Any CPU.ActiveCfg = Debug|Any CPU
		{29A09E42-74A4-4A89-895C-C9DBE830AD7C}.Debug|Any CPU.Build.0 = Debug|Any CPU
		{29A09E42-74A4-4A89-895C-C9DBE830AD7C}.Release|Any CPU.ActiveCfg = Release|Any CPU
		{29A09E42-74A4-4A89-895C-C9DBE830AD7C}.Release|Any CPU.Build.0 = Release|Any CPU
		{D4F49D54-FE5F-4964-9E68-99AFCCF6FB6D}.Debug|Any CPU.ActiveCfg = Debug|Any CPU
		{D4F49D54-FE5F-4964-9E68-99AFCCF6FB6D}.Debug|Any CPU.Build.0 = Debug|Any CPU
		{D4F49D54-FE5F-4964-9E68-99AFCCF6FB6D}.Release|Any CPU.ActiveCfg = Release|Any CPU
		{D4F49D54-FE5F-4964-9E68-99AFCCF6FB6D}.Release|Any CPU.Build.0 = Release|Any CPU
		{6C1C80E7-1E58-439B-830B-8E862261FF65}.Debug|Any CPU.ActiveCfg = Debug|Any CPU
		{6C1C80E7-1E58-439B-830B-8E862261FF65}.Debug|Any CPU.Build.0 = Debug|Any CPU
		{6C1C80E7-1E58-439B-830B-8E862261FF65}.Release|Any CPU.ActiveCfg = Release|Any CPU
		{6C1C80E7-1E58-439B-830B-8E862261FF65}.Release|Any CPU.Build.0 = Release|Any CPU
		{843D548A-059A-4754-82AC-CFF2556F0A1D}.Debug|Any CPU.ActiveCfg = Debug|Any CPU
		{843D548A-059A-4754-82AC-CFF2556F0A1D}.Debug|Any CPU.Build.0 = Debug|Any CPU
		{843D548A-059A-4754-82AC-CFF2556F0A1D}.Release|Any CPU.ActiveCfg = Release|Any CPU
		{843D548A-059A-4754-82AC-CFF2556F0A1D}.Release|Any CPU.Build.0 = Release|Any CPU
	EndGlobalSection
	GlobalSection(SolutionProperties) = preSolution
		HideSolutionNode = FALSE
	EndGlobalSection
	GlobalSection(ExtensibilityGlobals) = postSolution
		SolutionGuid = {1F19FD3F-5C40-4FAD-B5B6-6074A0E615E4}
	EndGlobalSection
EndGlobal
