
Microsoft Visual Studio Solution File, Format Version 12.00
# Visual Studio Version 17
VisualStudioVersion = 17.5.002.0
MinimumVisualStudioVersion = 10.0.40219.1
Project("{9A19103F-16F7-4668-BE54-9A1E7A4F7556}") = "BudgetingApp.MVC", "BudgetingApp.MVC.csproj", "{7A4D12FD-AAB3-4670-9E8E-9E3A4BF3D499}"
EndProject
Global
	GlobalSection(SolutionConfigurationPlatforms) = preSolution
		Debug|Any CPU = Debug|Any CPU
		Release|Any CPU = Release|Any CPU
	EndGlobalSection
	GlobalSection(ProjectConfigurationPlatforms) = postSolution
		{7A4D12FD-AAB3-4670-9E8E-9E3A4BF3D499}.Debug|Any CPU.ActiveCfg = Debug|Any CPU
		{7A4D12FD-AAB3-4670-9E8E-9E3A4BF3D499}.Debug|Any CPU.Build.0 = Debug|Any CPU
		{7A4D12FD-AAB3-4670-9E8E-9E3A4BF3D499}.Release|Any CPU.ActiveCfg = Release|Any CPU
		{7A4D12FD-AAB3-4670-9E8E-9E3A4BF3D499}.Release|Any CPU.Build.0 = Release|Any CPU
	EndGlobalSection
	GlobalSection(SolutionProperties) = preSolution
		HideSolutionNode = FALSE
	EndGlobalSection
	GlobalSection(ExtensibilityGlobals) = postSolution
		SolutionGuid = {12544AE1-E075-46DE-81BC-655986272291}
	EndGlobalSection
EndGlobal
